// !$*UTF8*$!
{
	archiveVersion = 1;
	classes = {
	};
	objectVersion = 56;
	objects = {

/* Begin PBXBuildFile section */
		1079B4512BC9478A0086EBE8 /* MeiliSDK in Frameworks */ = {isa = PBXBuildFile; productRef = 1079B4502BC9478A0086EBE8 /* MeiliSDK */; };
		109226AA2BA344B60081D588 /* NunitoSans-SemiBold.ttf in Resources */ = {isa = PBXBuildFile; fileRef = 109226A42BA344B60081D588 /* NunitoSans-SemiBold.ttf */; };
		109226AB2BA344B60081D588 /* NunitoSans-Light.ttf in Resources */ = {isa = PBXBuildFile; fileRef = 109226A52BA344B60081D588 /* NunitoSans-Light.ttf */; };
		109226AC2BA344B60081D588 /* Roboto-Regular.ttf in Resources */ = {isa = PBXBuildFile; fileRef = 109226A62BA344B60081D588 /* Roboto-Regular.ttf */; };
		109226AD2BA344B60081D588 /* NunitoSans-Regular.ttf in Resources */ = {isa = PBXBuildFile; fileRef = 109226A72BA344B60081D588 /* NunitoSans-Regular.ttf */; };
		109226AE2BA344B60081D588 /* NunitoSans-ExtraBold.ttf in Resources */ = {isa = PBXBuildFile; fileRef = 109226A82BA344B60081D588 /* NunitoSans-ExtraBold.ttf */; };
		109226AF2BA344B60081D588 /* NunitoSans-Bold.ttf in Resources */ = {isa = PBXBuildFile; fileRef = 109226A92BA344B60081D588 /* NunitoSans-Bold.ttf */; };
		10A7E6132B77B4030056699E /* SampleAppApp.swift in Sources */ = {isa = PBXBuildFile; fileRef = 10A7E6122B77B4030056699E /* SampleAppApp.swift */; };
		10A7E6152B77B4030056699E /* ContentView.swift in Sources */ = {isa = PBXBuildFile; fileRef = 10A7E6142B77B4030056699E /* ContentView.swift */; };
		10A7E6172B77B4040056699E /* Assets.xcassets in Resources */ = {isa = PBXBuildFile; fileRef = 10A7E6162B77B4040056699E /* Assets.xcassets */; };
		10A7E61A2B77B4040056699E /* Preview Assets.xcassets in Resources */ = {isa = PBXBuildFile; fileRef = 10A7E6192B77B4040056699E /* Preview Assets.xcassets */; };
		10CA02102B7A1BC4000A08B7 /* Localizable.strings in Resources */ = {isa = PBXBuildFile; fileRef = 10CA02122B7A1BC4000A08B7 /* Localizable.strings */; };
		10E7544B2BACAE5F00712646 /* RobotoFlex.ttf in Resources */ = {isa = PBXBuildFile; fileRef = 10E7544A2BACAE5F00712646 /* RobotoFlex.ttf */; };
/* End PBXBuildFile section */

/* Begin PBXFileReference section */
		109226A42BA344B60081D588 /* NunitoSans-SemiBold.ttf */ = {isa = PBXFileReference; lastKnownFileType = file; path = "NunitoSans-SemiBold.ttf"; sourceTree = "<group>"; };
		109226A52BA344B60081D588 /* NunitoSans-Light.ttf */ = {isa = PBXFileReference; lastKnownFileType = file; path = "NunitoSans-Light.ttf"; sourceTree = "<group>"; };
		109226A62BA344B60081D588 /* Roboto-Regular.ttf */ = {isa = PBXFileReference; lastKnownFileType = file; path = "Roboto-Regular.ttf"; sourceTree = "<group>"; };
		109226A72BA344B60081D588 /* NunitoSans-Regular.ttf */ = {isa = PBXFileReference; lastKnownFileType = file; path = "NunitoSans-Regular.ttf"; sourceTree = "<group>"; };
		109226A82BA344B60081D588 /* NunitoSans-ExtraBold.ttf */ = {isa = PBXFileReference; lastKnownFileType = file; path = "NunitoSans-ExtraBold.ttf"; sourceTree = "<group>"; };
		109226A92BA344B60081D588 /* NunitoSans-Bold.ttf */ = {isa = PBXFileReference; lastKnownFileType = file; path = "NunitoSans-Bold.ttf"; sourceTree = "<group>"; };
		10A7E60F2B77B4030056699E /* SampleApp.app */ = {isa = PBXFileReference; explicitFileType = wrapper.application; includeInIndex = 0; path = SampleApp.app; sourceTree = BUILT_PRODUCTS_DIR; };
		10A7E6122B77B4030056699E /* SampleAppApp.swift */ = {isa = PBXFileReference; lastKnownFileType = sourcecode.swift; path = SampleAppApp.swift; sourceTree = "<group>"; };
		10A7E6142B77B4030056699E /* ContentView.swift */ = {isa = PBXFileReference; lastKnownFileType = sourcecode.swift; path = ContentView.swift; sourceTree = "<group>"; };
		10A7E6162B77B4040056699E /* Assets.xcassets */ = {isa = PBXFileReference; lastKnownFileType = folder.assetcatalog; path = Assets.xcassets; sourceTree = "<group>"; };
		10A7E6192B77B4040056699E /* Preview Assets.xcassets */ = {isa = PBXFileReference; lastKnownFileType = folder.assetcatalog; path = "Preview Assets.xcassets"; sourceTree = "<group>"; };
		10CA02112B7A1BC4000A08B7 /* en */ = {isa = PBXFileReference; lastKnownFileType = text.plist.strings; name = en; path = en.lproj/Localizable.strings; sourceTree = "<group>"; };
		10CA02132B7A1BC6000A08B7 /* fr */ = {isa = PBXFileReference; lastKnownFileType = text.plist.strings; name = fr; path = fr.lproj/Localizable.strings; sourceTree = "<group>"; };
		10CA02142B7A1BC6000A08B7 /* pt-BR */ = {isa = PBXFileReference; lastKnownFileType = text.plist.strings; name = "pt-BR"; path = "pt-BR.lproj/Localizable.strings"; sourceTree = "<group>"; };
		10CA02152B7A1BC7000A08B7 /* pt-PT */ = {isa = PBXFileReference; lastKnownFileType = text.plist.strings; name = "pt-PT"; path = "pt-PT.lproj/Localizable.strings"; sourceTree = "<group>"; };
		10CA02162B7A1BC8000A08B7 /* es */ = {isa = PBXFileReference; lastKnownFileType = text.plist.strings; name = es; path = es.lproj/Localizable.strings; sourceTree = "<group>"; };
		10E7544A2BACAE5F00712646 /* RobotoFlex.ttf */ = {isa = PBXFileReference; lastKnownFileType = file; path = RobotoFlex.ttf; sourceTree = "<group>"; };
/* End PBXFileReference section */

/* Begin PBXFrameworksBuildPhase section */
		10A7E60C2B77B4030056699E /* Frameworks */ = {
			isa = PBXFrameworksBuildPhase;
			buildActionMask = 2147483647;
			files = (
				1079B4512BC9478A0086EBE8 /* MeiliSDK in Frameworks */,
			);
			runOnlyForDeploymentPostprocessing = 0;
		};
/* End PBXFrameworksBuildPhase section */

/* Begin PBXGroup section */
		10A7E6062B77B4030056699E = {
			isa = PBXGroup;
			children = (
				10CA02122B7A1BC4000A08B7 /* Localizable.strings */,
				10A7E6112B77B4030056699E /* SampleApp */,
				10A7E6102B77B4030056699E /* Products */,
				10A7E6262B77B4160056699E /* Frameworks */,
			);
			sourceTree = "<group>";
		};
		10A7E6102B77B4030056699E /* Products */ = {
			isa = PBXGroup;
			children = (
				10A7E60F2B77B4030056699E /* SampleApp.app */,
			);
			name = Products;
			sourceTree = "<group>";
		};
		10A7E6112B77B4030056699E /* SampleApp */ = {
			isa = PBXGroup;
			children = (
				10A7E6352B77DF7D0056699E /* Fonts */,
				10A7E6122B77B4030056699E /* SampleAppApp.swift */,
				10A7E6142B77B4030056699E /* ContentView.swift */,
				10A7E6162B77B4040056699E /* Assets.xcassets */,
				10A7E6182B77B4040056699E /* Preview Content */,
			);
			path = SampleApp;
			sourceTree = "<group>";
		};
		10A7E6182B77B4040056699E /* Preview Content */ = {
			isa = PBXGroup;
			children = (
				10A7E6192B77B4040056699E /* Preview Assets.xcassets */,
			);
			path = "Preview Content";
			sourceTree = "<group>";
		};
		10A7E6262B77B4160056699E /* Frameworks */ = {
			isa = PBXGroup;
			children = (
			);
			name = Frameworks;
			sourceTree = "<group>";
		};
		10A7E6352B77DF7D0056699E /* Fonts */ = {
			isa = PBXGroup;
			children = (
				10E7544A2BACAE5F00712646 /* RobotoFlex.ttf */,
				109226A92BA344B60081D588 /* NunitoSans-Bold.ttf */,
				109226A82BA344B60081D588 /* NunitoSans-ExtraBold.ttf */,
				109226A52BA344B60081D588 /* NunitoSans-Light.ttf */,
				109226A72BA344B60081D588 /* NunitoSans-Regular.ttf */,
				109226A42BA344B60081D588 /* NunitoSans-SemiBold.ttf */,
				109226A62BA344B60081D588 /* Roboto-Regular.ttf */,
			);
			path = Fonts;
			sourceTree = "<group>";
		};
/* End PBXGroup section */

/* Begin PBXNativeTarget section */
		10A7E60E2B77B4030056699E /* SampleApp */ = {
			isa = PBXNativeTarget;
			buildConfigurationList = 10A7E61D2B77B4040056699E /* Build configuration list for PBXNativeTarget "SampleApp" */;
			buildPhases = (
				10A7E60B2B77B4030056699E /* Sources */,
				10A7E60C2B77B4030056699E /* Frameworks */,
				10A7E60D2B77B4030056699E /* Resources */,
			);
			buildRules = (
			);
			dependencies = (
			);
			name = SampleApp;
			packageProductDependencies = (
				1079B4502BC9478A0086EBE8 /* MeiliSDK */,
			);
			productName = SampleApp;
			productReference = 10A7E60F2B77B4030056699E /* SampleApp.app */;
			productType = "com.apple.product-type.application";
		};
/* End PBXNativeTarget section */

/* Begin PBXProject section */
		10A7E6072B77B4030056699E /* Project object */ = {
			isa = PBXProject;
			attributes = {
				BuildIndependentTargetsInParallel = 1;
				LastSwiftUpdateCheck = 1520;
				LastUpgradeCheck = 1530;
				TargetAttributes = {
					10A7E60E2B77B4030056699E = {
						CreatedOnToolsVersion = 15.2;
					};
				};
			};
			buildConfigurationList = 10A7E60A2B77B4030056699E /* Build configuration list for PBXProject "SampleApp" */;
			compatibilityVersion = "Xcode 14.0";
			developmentRegion = en;
			hasScannedForEncodings = 0;
			knownRegions = (
				en,
				Base,
				es,
				fr,
				"pt-PT",
				"pt-BR",
			);
			mainGroup = 10A7E6062B77B4030056699E;
			packageReferences = (
				1079B44F2BC9478A0086EBE8 /* XCRemoteSwiftPackageReference "ux-native-ios" */,
			);
			productRefGroup = 10A7E6102B77B4030056699E /* Products */;
			projectDirPath = "";
			projectRoot = "";
			targets = (
				10A7E60E2B77B4030056699E /* SampleApp */,
			);
		};
/* End PBXProject section */

/* Begin PBXResourcesBuildPhase section */
		10A7E60D2B77B4030056699E /* Resources */ = {
			isa = PBXResourcesBuildPhase;
			buildActionMask = 2147483647;
			files = (
				109226AE2BA344B60081D588 /* NunitoSans-ExtraBold.ttf in Resources */,
				109226AC2BA344B60081D588 /* Roboto-Regular.ttf in Resources */,
				10A7E61A2B77B4040056699E /* Preview Assets.xcassets in Resources */,
				109226AA2BA344B60081D588 /* NunitoSans-SemiBold.ttf in Resources */,
				109226AD2BA344B60081D588 /* NunitoSans-Regular.ttf in Resources */,
				109226AB2BA344B60081D588 /* NunitoSans-Light.ttf in Resources */,
				10E7544B2BACAE5F00712646 /* RobotoFlex.ttf in Resources */,
				109226AF2BA344B60081D588 /* NunitoSans-Bold.ttf in Resources */,
				10CA02102B7A1BC4000A08B7 /* Localizable.strings in Resources */,
				10A7E6172B77B4040056699E /* Assets.xcassets in Resources */,
			);
			runOnlyForDeploymentPostprocessing = 0;
		};
/* End PBXResourcesBuildPhase section */

/* Begin PBXSourcesBuildPhase section */
		10A7E60B2B77B4030056699E /* Sources */ = {
			isa = PBXSourcesBuildPhase;
			buildActionMask = 2147483647;
			files = (
				10A7E6152B77B4030056699E /* ContentView.swift in Sources */,
				10A7E6132B77B4030056699E /* SampleAppApp.swift in Sources */,
			);
			runOnlyForDeploymentPostprocessing = 0;
		};
/* End PBXSourcesBuildPhase section */

/* Begin PBXVariantGroup section */
		10CA02122B7A1BC4000A08B7 /* Localizable.strings */ = {
			isa = PBXVariantGroup;
			children = (
				10CA02112B7A1BC4000A08B7 /* en */,
				10CA02132B7A1BC6000A08B7 /* fr */,
				10CA02142B7A1BC6000A08B7 /* pt-BR */,
				10CA02152B7A1BC7000A08B7 /* pt-PT */,
				10CA02162B7A1BC8000A08B7 /* es */,
			);
			name = Localizable.strings;
			sourceTree = "<group>";
		};
/* End PBXVariantGroup section */

/* Begin XCBuildConfiguration section */
		10A7E61B2B77B4040056699E /* Debug */ = {
			isa = XCBuildConfiguration;
			buildSettings = {
				ALWAYS_SEARCH_USER_PATHS = NO;
				ASSETCATALOG_COMPILER_GENERATE_SWIFT_ASSET_SYMBOL_EXTENSIONS = YES;
				CLANG_ANALYZER_LOCALIZABILITY_NONLOCALIZED = YES;
				CLANG_ANALYZER_NONNULL = YES;
				CLANG_ANALYZER_NUMBER_OBJECT_CONVERSION = YES_AGGRESSIVE;
				CLANG_CXX_LANGUAGE_STANDARD = "gnu++20";
				CLANG_ENABLE_MODULES = YES;
				CLANG_ENABLE_OBJC_ARC = YES;
				CLANG_ENABLE_OBJC_WEAK = YES;
				CLANG_WARN_BLOCK_CAPTURE_AUTORELEASING = YES;
				CLANG_WARN_BOOL_CONVERSION = YES;
				CLANG_WARN_COMMA = YES;
				CLANG_WARN_CONSTANT_CONVERSION = YES;
				CLANG_WARN_DEPRECATED_OBJC_IMPLEMENTATIONS = YES;
				CLANG_WARN_DIRECT_OBJC_ISA_USAGE = YES_ERROR;
				CLANG_WARN_DOCUMENTATION_COMMENTS = YES;
				CLANG_WARN_EMPTY_BODY = YES;
				CLANG_WARN_ENUM_CONVERSION = YES;
				CLANG_WARN_INFINITE_RECURSION = YES;
				CLANG_WARN_INT_CONVERSION = YES;
				CLANG_WARN_NON_LITERAL_NULL_CONVERSION = YES;
				CLANG_WARN_OBJC_IMPLICIT_RETAIN_SELF = YES;
				CLANG_WARN_OBJC_LITERAL_CONVERSION = YES;
				CLANG_WARN_OBJC_ROOT_CLASS = YES_ERROR;
				CLANG_WARN_QUOTED_INCLUDE_IN_FRAMEWORK_HEADER = YES;
				CLANG_WARN_RANGE_LOOP_ANALYSIS = YES;
				CLANG_WARN_STRICT_PROTOTYPES = YES;
				CLANG_WARN_SUSPICIOUS_MOVE = YES;
				CLANG_WARN_UNGUARDED_AVAILABILITY = YES_AGGRESSIVE;
				CLANG_WARN_UNREACHABLE_CODE = YES;
				CLANG_WARN__DUPLICATE_METHOD_MATCH = YES;
				COPY_PHASE_STRIP = NO;
				DEBUG_INFORMATION_FORMAT = dwarf;
				ENABLE_STRICT_OBJC_MSGSEND = YES;
				ENABLE_TESTABILITY = YES;
				ENABLE_USER_SCRIPT_SANDBOXING = YES;
				GCC_C_LANGUAGE_STANDARD = gnu17;
				GCC_DYNAMIC_NO_PIC = NO;
				GCC_NO_COMMON_BLOCKS = YES;
				GCC_OPTIMIZATION_LEVEL = 0;
				GCC_PREPROCESSOR_DEFINITIONS = (
					"DEBUG=1",
					"$(inherited)",
				);
				GCC_WARN_64_TO_32_BIT_CONVERSION = YES;
				GCC_WARN_ABOUT_RETURN_TYPE = YES_ERROR;
				GCC_WARN_UNDECLARED_SELECTOR = YES;
				GCC_WARN_UNINITIALIZED_AUTOS = YES_AGGRESSIVE;
				GCC_WARN_UNUSED_FUNCTION = YES;
				GCC_WARN_UNUSED_VARIABLE = YES;
				IPHONEOS_DEPLOYMENT_TARGET = 16.0;
				LOCALIZATION_PREFERS_STRING_CATALOGS = YES;
				MTL_ENABLE_DEBUG_INFO = INCLUDE_SOURCE;
				MTL_FAST_MATH = YES;
				ONLY_ACTIVE_ARCH = YES;
				SDKROOT = iphoneos;
				SWIFT_ACTIVE_COMPILATION_CONDITIONS = "DEBUG $(inherited)";
				SWIFT_OPTIMIZATION_LEVEL = "-Onone";
			};
			name = Debug;
		};
		10A7E61C2B77B4040056699E /* Release */ = {
			isa = XCBuildConfiguration;
			buildSettings = {
				ALWAYS_SEARCH_USER_PATHS = NO;
				ASSETCATALOG_COMPILER_GENERATE_SWIFT_ASSET_SYMBOL_EXTENSIONS = YES;
				CLANG_ANALYZER_LOCALIZABILITY_NONLOCALIZED = YES;
				CLANG_ANALYZER_NONNULL = YES;
				CLANG_ANALYZER_NUMBER_OBJECT_CONVERSION = YES_AGGRESSIVE;
				CLANG_CXX_LANGUAGE_STANDARD = "gnu++20";
				CLANG_ENABLE_MODULES = YES;
				CLANG_ENABLE_OBJC_ARC = YES;
				CLANG_ENABLE_OBJC_WEAK = YES;
				CLANG_WARN_BLOCK_CAPTURE_AUTORELEASING = YES;
				CLANG_WARN_BOOL_CONVERSION = YES;
				CLANG_WARN_COMMA = YES;
				CLANG_WARN_CONSTANT_CONVERSION = YES;
				CLANG_WARN_DEPRECATED_OBJC_IMPLEMENTATIONS = YES;
				CLANG_WARN_DIRECT_OBJC_ISA_USAGE = YES_ERROR;
				CLANG_WARN_DOCUMENTATION_COMMENTS = YES;
				CLANG_WARN_EMPTY_BODY = YES;
				CLANG_WARN_ENUM_CONVERSION = YES;
				CLANG_WARN_INFINITE_RECURSION = YES;
				CLANG_WARN_INT_CONVERSION = YES;
				CLANG_WARN_NON_LITERAL_NULL_CONVERSION = YES;
				CLANG_WARN_OBJC_IMPLICIT_RETAIN_SELF = YES;
				CLANG_WARN_OBJC_LITERAL_CONVERSION = YES;
				CLANG_WARN_OBJC_ROOT_CLASS = YES_ERROR;
				CLANG_WARN_QUOTED_INCLUDE_IN_FRAMEWORK_HEADER = YES;
				CLANG_WARN_RANGE_LOOP_ANALYSIS = YES;
				CLANG_WARN_STRICT_PROTOTYPES = YES;
				CLANG_WARN_SUSPICIOUS_MOVE = YES;
				CLANG_WARN_UNGUARDED_AVAILABILITY = YES_AGGRESSIVE;
				CLANG_WARN_UNREACHABLE_CODE = YES;
				CLANG_WARN__DUPLICATE_METHOD_MATCH = YES;
				COPY_PHASE_STRIP = NO;
				DEBUG_INFORMATION_FORMAT = "dwarf-with-dsym";
				ENABLE_NS_ASSERTIONS = NO;
				ENABLE_STRICT_OBJC_MSGSEND = YES;
				ENABLE_USER_SCRIPT_SANDBOXING = YES;
				GCC_C_LANGUAGE_STANDARD = gnu17;
				GCC_NO_COMMON_BLOCKS = YES;
				GCC_WARN_64_TO_32_BIT_CONVERSION = YES;
				GCC_WARN_ABOUT_RETURN_TYPE = YES_ERROR;
				GCC_WARN_UNDECLARED_SELECTOR = YES;
				GCC_WARN_UNINITIALIZED_AUTOS = YES_AGGRESSIVE;
				GCC_WARN_UNUSED_FUNCTION = YES;
				GCC_WARN_UNUSED_VARIABLE = YES;
				IPHONEOS_DEPLOYMENT_TARGET = 16.0;
				LOCALIZATION_PREFERS_STRING_CATALOGS = YES;
				MTL_ENABLE_DEBUG_INFO = NO;
				MTL_FAST_MATH = YES;
				SDKROOT = iphoneos;
				SWIFT_COMPILATION_MODE = wholemodule;
				VALIDATE_PRODUCT = YES;
			};
			name = Release;
		};
		10A7E61E2B77B4040056699E /* Debug */ = {
			isa = XCBuildConfiguration;
			buildSettings = {
				ASSETCATALOG_COMPILER_APPICON_NAME = AppIcon;
				ASSETCATALOG_COMPILER_GLOBAL_ACCENT_COLOR_NAME = AccentColor;
				CODE_SIGN_IDENTITY = "Apple Development";
				"CODE_SIGN_IDENTITY[sdk=iphoneos*]" = "iPhone Distribution";
				CODE_SIGN_STYLE = Manual;
				CURRENT_PROJECT_VERSION = 24;
				DEVELOPMENT_ASSET_PATHS = "\"SampleApp/Preview Content\"";
				DEVELOPMENT_TEAM = "";
				"DEVELOPMENT_TEAM[sdk=iphoneos*]" = 5MVVDUWR5K;
				ENABLE_PREVIEWS = YES;
				GENERATE_INFOPLIST_FILE = YES;
				INFOPLIST_FILE = SampleApp/Info.plist;
				INFOPLIST_KEY_LSApplicationCategoryType = "public.app-category.travel";
				INFOPLIST_KEY_NSCameraUsageDescription = "We need permission to use your camera.";
				INFOPLIST_KEY_UIApplicationSceneManifest_Generation = YES;
				INFOPLIST_KEY_UIApplicationSupportsIndirectInputEvents = YES;
				INFOPLIST_KEY_UILaunchScreen_Generation = YES;
				INFOPLIST_KEY_UISupportedInterfaceOrientations_iPad = "UIInterfaceOrientationPortrait UIInterfaceOrientationPortraitUpsideDown UIInterfaceOrientationLandscapeLeft UIInterfaceOrientationLandscapeRight";
				INFOPLIST_KEY_UISupportedInterfaceOrientations_iPhone = "UIInterfaceOrientationPortrait UIInterfaceOrientationLandscapeLeft UIInterfaceOrientationLandscapeRight";
				IPHONEOS_DEPLOYMENT_TARGET = 16.0;
				LD_RUNPATH_SEARCH_PATHS = (
					"$(inherited)",
					"@executable_path/Frameworks",
				);
				MARKETING_VERSION = 1.0.1;
				PRODUCT_BUNDLE_IDENTIFIER = com.meili.travel.swiftui;
				PRODUCT_NAME = "$(TARGET_NAME)";
				PROVISIONING_PROFILE_SPECIFIER = "";
				"PROVISIONING_PROFILE_SPECIFIER[sdk=iphoneos*]" = "match Development com.meili.travel.swiftui";
				SUPPORTED_PLATFORMS = "iphoneos iphonesimulator";
				SUPPORTS_MACCATALYST = NO;
				SUPPORTS_MAC_DESIGNED_FOR_IPHONE_IPAD = NO;
				SUPPORTS_XR_DESIGNED_FOR_IPHONE_IPAD = NO;
				SWIFT_EMIT_LOC_STRINGS = YES;
				SWIFT_VERSION = 5.0;
				TARGETED_DEVICE_FAMILY = "1,2";
			};
			name = Debug;
		};
		10A7E61F2B77B4040056699E /* Release */ = {
			isa = XCBuildConfiguration;
			buildSettings = {
				ASSETCATALOG_COMPILER_APPICON_NAME = AppIcon;
				ASSETCATALOG_COMPILER_GLOBAL_ACCENT_COLOR_NAME = AccentColor;
				CODE_SIGN_IDENTITY = "Apple Development";
				"CODE_SIGN_IDENTITY[sdk=iphoneos*]" = "iPhone Distribution";
				CODE_SIGN_STYLE = Manual;
				CURRENT_PROJECT_VERSION = 24;
				DEVELOPMENT_ASSET_PATHS = "\"SampleApp/Preview Content\"";
				DEVELOPMENT_TEAM = "";
				"DEVELOPMENT_TEAM[sdk=iphoneos*]" = 5MVVDUWR5K;
				ENABLE_PREVIEWS = YES;
				GENERATE_INFOPLIST_FILE = YES;
				INFOPLIST_FILE = SampleApp/Info.plist;
				INFOPLIST_KEY_LSApplicationCategoryType = "public.app-category.travel";
				INFOPLIST_KEY_NSCameraUsageDescription = "We need permission to use your camera.";
				INFOPLIST_KEY_UIApplicationSceneManifest_Generation = YES;
				INFOPLIST_KEY_UIApplicationSupportsIndirectInputEvents = YES;
				INFOPLIST_KEY_UILaunchScreen_Generation = YES;
				INFOPLIST_KEY_UISupportedInterfaceOrientations_iPad = "UIInterfaceOrientationPortrait UIInterfaceOrientationPortraitUpsideDown UIInterfaceOrientationLandscapeLeft UIInterfaceOrientationLandscapeRight";
				INFOPLIST_KEY_UISupportedInterfaceOrientations_iPhone = "UIInterfaceOrientationPortrait UIInterfaceOrientationLandscapeLeft UIInterfaceOrientationLandscapeRight";
				IPHONEOS_DEPLOYMENT_TARGET = 16.0;
				LD_RUNPATH_SEARCH_PATHS = (
					"$(inherited)",
					"@executable_path/Frameworks",
				);
				MARKETING_VERSION = 1.0.1;
				PRODUCT_BUNDLE_IDENTIFIER = com.meili.travel.swiftui;
				PRODUCT_NAME = "$(TARGET_NAME)";
				PROVISIONING_PROFILE_SPECIFIER = "";
				"PROVISIONING_PROFILE_SPECIFIER[sdk=iphoneos*]" = "match AppStore com.meili.travel.swiftui";
				SUPPORTED_PLATFORMS = "iphoneos iphonesimulator";
				SUPPORTS_MACCATALYST = NO;
				SUPPORTS_MAC_DESIGNED_FOR_IPHONE_IPAD = NO;
				SUPPORTS_XR_DESIGNED_FOR_IPHONE_IPAD = NO;
				SWIFT_EMIT_LOC_STRINGS = YES;
				SWIFT_VERSION = 5.0;
				TARGETED_DEVICE_FAMILY = "1,2";
			};
			name = Release;
		};
/* End XCBuildConfiguration section */

/* Begin XCConfigurationList section */
		10A7E60A2B77B4030056699E /* Build configuration list for PBXProject "SampleApp" */ = {
			isa = XCConfigurationList;
			buildConfigurations = (
				10A7E61B2B77B4040056699E /* Debug */,
				10A7E61C2B77B4040056699E /* Release */,
			);
			defaultConfigurationIsVisible = 0;
			defaultConfigurationName = Release;
		};
		10A7E61D2B77B4040056699E /* Build configuration list for PBXNativeTarget "SampleApp" */ = {
			isa = XCConfigurationList;
			buildConfigurations = (
				10A7E61E2B77B4040056699E /* Debug */,
				10A7E61F2B77B4040056699E /* Release */,
			);
			defaultConfigurationIsVisible = 0;
			defaultConfigurationName = Release;
		};
/* End XCConfigurationList section */

/* Begin XCRemoteSwiftPackageReference section */
		1079B44F2BC9478A0086EBE8 /* XCRemoteSwiftPackageReference "ux-native-ios" */ = {
			isa = XCRemoteSwiftPackageReference;
			repositoryURL = "https://github.com/meili-travel-tech/ux-native-ios";
			requirement = {
				kind = upToNextMajorVersion;
				minimumVersion = 1.0.27;
			};
		};
/* End XCRemoteSwiftPackageReference section */

/* Begin XCSwiftPackageProductDependency section */
		1079B4502BC9478A0086EBE8 /* MeiliSDK */ = {
			isa = XCSwiftPackageProductDependency;
			package = 1079B44F2BC9478A0086EBE8 /* XCRemoteSwiftPackageReference "ux-native-ios" */;
			productName = MeiliSDK;
		};
/* End XCSwiftPackageProductDependency section */
	};
	rootObject = 10A7E6072B77B4030056699E /* Project object */;
}
